
Microsoft Visual Studio Solution File, Format Version 12.00
# Visual Studio Version 17
VisualStudioVersion = 17.5.33530.505
MinimumVisualStudioVersion = 10.0.40219.1
Project("{FAE04EC0-301F-11D3-BF4B-00C04F79EFBC}") = "FilmesApi", "FilmesApi\FilmesApi.csproj", "{904A783D-640D-4AF1-843A-7B5813916842}"
EndProject
Global
	GlobalSection(SolutionConfigurationPlatforms) = preSolution
		Debug|Any CPU = Debug|Any CPU
		Release|Any CPU = Release|Any CPU
	EndGlobalSection
	GlobalSection(ProjectConfigurationPlatforms) = postSolution
		{904A783D-640D-4AF1-843A-7B5813916842}.Debug|Any CPU.ActiveCfg = Debug|Any CPU
		{904A783D-640D-4AF1-843A-7B5813916842}.Debug|Any CPU.Build.0 = Debug|Any CPU
		{904A783D-640D-4AF1-843A-7B5813916842}.Release|Any CPU.ActiveCfg = Release|Any CPU
		{904A783D-640D-4AF1-843A-7B5813916842}.Release|Any CPU.Build.0 = Release|Any CPU
	EndGlobalSection
	GlobalSection(SolutionProperties) = preSolution
		HideSolutionNode = FALSE
	EndGlobalSection
	GlobalSection(ExtensibilityGlobals) = postSolution
		SolutionGuid = {50FD890C-57CA-4F7C-97AD-2B195D2468F9}
	EndGlobalSection
EndGlobal
